
Microsoft Visual Studio Solution File, Format Version 12.00
# Visual Studio 15
VisualStudioVersion = 15.0.26730.15
MinimumVisualStudioVersion = 10.0.40219.1
Project("{FAE04EC0-301F-11D3-BF4B-00C04F79EFBC}") = "Pairing_Project", "Pairing_Test\Pairing_Project.csproj", "{0F906EF1-1797-457C-BC75-56E6639E5AAB}"
EndProject
Project("{FAE04EC0-301F-11D3-BF4B-00C04F79EFBC}") = "Pairing_Project.Tests", "Pairing.Tests\Pairing_Project.Tests.csproj", "{BBD0E40E-E867-4075-A39B-B8D6EE59D8F2}"
EndProject
Global
	GlobalSection(SolutionConfigurationPlatforms) = preSolution
		Debug|Any CPU = Debug|Any CPU
		Release|Any CPU = Release|Any CPU
	EndGlobalSection
	GlobalSection(ProjectConfigurationPlatforms) = postSolution
		{0F906EF1-1797-457C-BC75-56E6639E5AAB}.Debug|Any CPU.ActiveCfg = Debug|Any CPU
		{0F906EF1-1797-457C-BC75-56E6639E5AAB}.Debug|Any CPU.Build.0 = Debug|Any CPU
		{0F906EF1-1797-457C-BC75-56E6639E5AAB}.Release|Any CPU.ActiveCfg = Release|Any CPU
		{0F906EF1-1797-457C-BC75-56E6639E5AAB}.Release|Any CPU.Build.0 = Release|Any CPU
		{BBD0E40E-E867-4075-A39B-B8D6EE59D8F2}.Debug|Any CPU.ActiveCfg = Debug|Any CPU
		{BBD0E40E-E867-4075-A39B-B8D6EE59D8F2}.Debug|Any CPU.Build.0 = Debug|Any CPU
		{BBD0E40E-E867-4075-A39B-B8D6EE59D8F2}.Release|Any CPU.ActiveCfg = Release|Any CPU
		{BBD0E40E-E867-4075-A39B-B8D6EE59D8F2}.Release|Any CPU.Build.0 = Release|Any CPU
	EndGlobalSection
	GlobalSection(SolutionProperties) = preSolution
		HideSolutionNode = FALSE
	EndGlobalSection
	GlobalSection(ExtensibilityGlobals) = postSolution
		SolutionGuid = {442C1E31-2C80-43DD-9BF9-E235AA64255D}
	EndGlobalSection
EndGlobal
